
Microsoft Visual Studio Solution File, Format Version 12.00
# Visual Studio Version 16
VisualStudioVersion = 16.0.31605.320
MinimumVisualStudioVersion = 10.0.40219.1
Project("{FAE04EC0-301F-11D3-BF4B-00C04F79EFBC}") = "TA2.0", "TA2.0\TA2.0.csproj", "{732DDCDC-55D2-4085-BAC5-9DECA344497D}"
EndProject
Global
	GlobalSection(SolutionConfigurationPlatforms) = preSolution
		Debug|Any CPU = Debug|Any CPU
		Release|Any CPU = Release|Any CPU
	EndGlobalSection
	GlobalSection(ProjectConfigurationPlatforms) = postSolution
		{732DDCDC-55D2-4085-BAC5-9DECA344497D}.Debug|Any CPU.ActiveCfg = Debug|Any CPU
		{732DDCDC-55D2-4085-BAC5-9DECA344497D}.Debug|Any CPU.Build.0 = Debug|Any CPU
		{732DDCDC-55D2-4085-BAC5-9DECA344497D}.Release|Any CPU.ActiveCfg = Release|Any CPU
		{732DDCDC-55D2-4085-BAC5-9DECA344497D}.Release|Any CPU.Build.0 = Release|Any CPU
	EndGlobalSection
	GlobalSection(SolutionProperties) = preSolution
		HideSolutionNode = FALSE
	EndGlobalSection
	GlobalSection(ExtensibilityGlobals) = postSolution
		SolutionGuid = {C8D59857-FF89-4AA6-9CCF-6491E60BA3A2}
	EndGlobalSection
EndGlobal
