
Microsoft Visual Studio Solution File, Format Version 12.00
# Visual Studio Version 16
VisualStudioVersion = 16.0.31605.320
MinimumVisualStudioVersion = 10.0.40219.1
Project("{FAE04EC0-301F-11D3-BF4B-00C04F79EFBC}") = "WindowsFormsApp1", "WindowsFormsApp1\WindowsFormsApp1.csproj", "{2E4EF773-00FC-4D1D-A68B-0779C1ED8062}"
EndProject
Global
	GlobalSection(SolutionConfigurationPlatforms) = preSolution
		Debug|Any CPU = Debug|Any CPU
		Release|Any CPU = Release|Any CPU
	EndGlobalSection
	GlobalSection(ProjectConfigurationPlatforms) = postSolution
		{2E4EF773-00FC-4D1D-A68B-0779C1ED8062}.Debug|Any CPU.ActiveCfg = Debug|Any CPU
		{2E4EF773-00FC-4D1D-A68B-0779C1ED8062}.Debug|Any CPU.Build.0 = Debug|Any CPU
		{2E4EF773-00FC-4D1D-A68B-0779C1ED8062}.Release|Any CPU.ActiveCfg = Release|Any CPU
		{2E4EF773-00FC-4D1D-A68B-0779C1ED8062}.Release|Any CPU.Build.0 = Release|Any CPU
	EndGlobalSection
	GlobalSection(SolutionProperties) = preSolution
		HideSolutionNode = FALSE
	EndGlobalSection
	GlobalSection(ExtensibilityGlobals) = postSolution
		SolutionGuid = {F3CFA83C-8662-47D0-97B8-11AC4C3AF9B6}
	EndGlobalSection
EndGlobal
